
Microsoft Visual Studio Solution File, Format Version 12.00
# Visual Studio Version 17
VisualStudioVersion = 17.13.35919.96 d17.13
MinimumVisualStudioVersion = 10.0.40219.1
Project("{FAE04EC0-301F-11D3-BF4B-00C04F79EFBC}") = "GrafosT4M2", "GrafosT4M2\GrafosT4M2.csproj", "{30910500-8170-4577-A78A-22EEB21E924F}"
EndProject
Global
	GlobalSection(SolutionConfigurationPlatforms) = preSolution
		Debug|Any CPU = Debug|Any CPU
		Release|Any CPU = Release|Any CPU
	EndGlobalSection
	GlobalSection(ProjectConfigurationPlatforms) = postSolution
		{30910500-8170-4577-A78A-22EEB21E924F}.Debug|Any CPU.ActiveCfg = Debug|Any CPU
		{30910500-8170-4577-A78A-22EEB21E924F}.Debug|Any CPU.Build.0 = Debug|Any CPU
		{30910500-8170-4577-A78A-22EEB21E924F}.Release|Any CPU.ActiveCfg = Release|Any CPU
		{30910500-8170-4577-A78A-22EEB21E924F}.Release|Any CPU.Build.0 = Release|Any CPU
	EndGlobalSection
	GlobalSection(SolutionProperties) = preSolution
		HideSolutionNode = FALSE
	EndGlobalSection
	GlobalSection(ExtensibilityGlobals) = postSolution
		SolutionGuid = {01001EB5-5545-4772-B41A-2CE2D7F27A8A}
	EndGlobalSection
EndGlobal
